
Microsoft Visual Studio Solution File, Format Version 11.00
# Visual Studio 2010
Project("{FAE04EC0-301F-11D3-BF4B-00C04F79EFBC}") = "Assembly-CSharp", "Assembly-CSharp.csproj", "{c34bd5de-fa6d-1773-55d3-1aa5802bd414}"
EndProject
Project("{FAE04EC0-301F-11D3-BF4B-00C04F79EFBC}") = "Assembly-CSharp-Editor", "Assembly-CSharp-Editor.csproj", "{62356ea7-e32d-dfa1-0068-316ea25d00e2}"
EndProject
Global
	GlobalSection(SolutionConfigurationPlatforms) = preSolution
		Debug|Any CPU = Debug|Any CPU
	EndGlobalSection
	GlobalSection(ProjectConfigurationPlatforms) = postSolution
		{c34bd5de-fa6d-1773-55d3-1aa5802bd414}.Debug|Any CPU.ActiveCfg = Debug|Any CPU
		{c34bd5de-fa6d-1773-55d3-1aa5802bd414}.Debug|Any CPU.Build.0 = Debug|Any CPU
		{62356ea7-e32d-dfa1-0068-316ea25d00e2}.Debug|Any CPU.ActiveCfg = Debug|Any CPU
		{62356ea7-e32d-dfa1-0068-316ea25d00e2}.Debug|Any CPU.Build.0 = Debug|Any CPU
	EndGlobalSection
	GlobalSection(SolutionProperties) = preSolution
		HideSolutionNode = FALSE
	EndGlobalSection
EndGlobal
